PODS:
  - iOSSnapshotTestCase (8.0.0):
    - iOSSnapshotTestCase/SwiftSupport (= 8.0.0)
  - iOSSnapshotTestCase/Core (8.0.0)
  - iOSSnapshotTestCase/SwiftSupport (8.0.0):
    - iOSSnapshotTestCase/Core

DEPENDENCIES:
  - iOSSnapshotTestCase (~> 8.0)

SPEC REPOS:
  trunk:
    - iOSSnapshotTestCase

SPEC CHECKSUMS:
  iOSSnapshotTestCase: a670511f9ee3829c2b9c23e6e68f315fd7b6790f

PODFILE CHECKSUM: 6fe239d5ab2d40a667be418791514f4e1cd586cd

COCOAPODS: 1.17.0
